Microsoft Visual Studio Solution File, Format Version 12.00
# Visual Studio Version 17
VisualStudioVersion = 17.5.2.0
MinimumVisualStudioVersion = 10.0.40219.1
Project("{FAE04EC0-301F-11D3-BF4B-00C04F79EFBC}") = "VITA.API", "VITA.API.csproj", "{783D98F0-6093-9679-6F52-AAD50B882B20}"
EndProject
Global
	GlobalSection(SolutionConfigurationPlatforms) = preSolution
		Debug|Any CPU = Debug|Any CPU
		Release|Any CPU = Release|Any CPU
	EndGlobalSection
	GlobalSection(ProjectConfigurationPlatforms) = postSolution
		{783D98F0-6093-9679-6F52-AAD50B882B20}.Debug|Any CPU.ActiveCfg = Debug|Any CPU
		{783D98F0-6093-9679-6F52-AAD50B882B20}.Debug|Any CPU.Build.0 = Debug|Any CPU
		{783D98F0-6093-9679-6F52-AAD50B882B20}.Release|Any CPU.ActiveCfg = Release|Any CPU
		{783D98F0-6093-9679-6F52-AAD50B882B20}.Release|Any CPU.Build.0 = Release|Any CPU
	EndGlobalSection
	GlobalSection(SolutionProperties) = preSolution
		HideSolutionNode = FALSE
	EndGlobalSection
	GlobalSection(ExtensibilityGlobals) = postSolution
		SolutionGuid = {9F873DC9-4C86-4431-8F59-068BAFAC31FC}
	EndGlobalSection
EndGlobal
